
Microsoft Visual Studio Solution File, Format Version 12.00
# Visual Studio 15
VisualStudioVersion = 15.0.28307.572
MinimumVisualStudioVersion = 10.0.40219.1
Project("{F2A71F9B-5D33-465A-A702-920D77279786}") = "Homework7", "Homework4\Homework7.fsproj", "{7AC3E40D-A338-42A0-9FCF-12528B393FC0}"
EndProject
Project("{F2A71F9B-5D33-465A-A702-920D77279786}") = "Homework7.Tests", "Homework7.Tests\Homework7.Tests.fsproj", "{4FDBE832-E926-4E69-83A4-164AD5003703}"
EndProject
Global
	GlobalSection(SolutionConfigurationPlatforms) = preSolution
		Debug|Any CPU = Debug|Any CPU
		Release|Any CPU = Release|Any CPU
	EndGlobalSection
	GlobalSection(ProjectConfigurationPlatforms) = postSolution
		{7AC3E40D-A338-42A0-9FCF-12528B393FC0}.Debug|Any CPU.ActiveCfg = Debug|Any CPU
		{7AC3E40D-A338-42A0-9FCF-12528B393FC0}.Debug|Any CPU.Build.0 = Debug|Any CPU
		{7AC3E40D-A338-42A0-9FCF-12528B393FC0}.Release|Any CPU.ActiveCfg = Release|Any CPU
		{7AC3E40D-A338-42A0-9FCF-12528B393FC0}.Release|Any CPU.Build.0 = Release|Any CPU
		{4FDBE832-E926-4E69-83A4-164AD5003703}.Debug|Any CPU.ActiveCfg = Debug|Any CPU
		{4FDBE832-E926-4E69-83A4-164AD5003703}.Debug|Any CPU.Build.0 = Debug|Any CPU
		{4FDBE832-E926-4E69-83A4-164AD5003703}.Release|Any CPU.ActiveCfg = Release|Any CPU
		{4FDBE832-E926-4E69-83A4-164AD5003703}.Release|Any CPU.Build.0 = Release|Any CPU
	EndGlobalSection
	GlobalSection(SolutionProperties) = preSolution
		HideSolutionNode = FALSE
	EndGlobalSection
	GlobalSection(ExtensibilityGlobals) = postSolution
		SolutionGuid = {696E8F38-D59F-43B9-9E74-51BA4501B33B}
	EndGlobalSection
EndGlobal
