
Microsoft Visual Studio Solution File, Format Version 12.00
# Visual Studio 15
VisualStudioVersion = 15.0.27130.2027
MinimumVisualStudioVersion = 10.0.40219.1
Project("{FAE04EC0-301F-11D3-BF4B-00C04F79EFBC}") = "VkClient", "VkClient\VkClient.csproj", "{E551FF44-2E06-48E6-B64B-FF9D3C5B799B}"
EndProject
Global
	GlobalSection(SolutionConfigurationPlatforms) = preSolution
		Debug|Any CPU = Debug|Any CPU
		Release|Any CPU = Release|Any CPU
	EndGlobalSection
	GlobalSection(ProjectConfigurationPlatforms) = postSolution
		{E551FF44-2E06-48E6-B64B-FF9D3C5B799B}.Debug|Any CPU.ActiveCfg = Debug|Any CPU
		{E551FF44-2E06-48E6-B64B-FF9D3C5B799B}.Debug|Any CPU.Build.0 = Debug|Any CPU
		{E551FF44-2E06-48E6-B64B-FF9D3C5B799B}.Release|Any CPU.ActiveCfg = Release|Any CPU
		{E551FF44-2E06-48E6-B64B-FF9D3C5B799B}.Release|Any CPU.Build.0 = Release|Any CPU
	EndGlobalSection
	GlobalSection(SolutionProperties) = preSolution
		HideSolutionNode = FALSE
	EndGlobalSection
	GlobalSection(ExtensibilityGlobals) = postSolution
		SolutionGuid = {0A172C03-2800-403F-890B-379C09BE872E}
	EndGlobalSection
EndGlobal
