
Microsoft Visual Studio Solution File, Format Version 12.00
# Visual Studio 15
VisualStudioVersion = 15.0.28307.168
MinimumVisualStudioVersion = 10.0.40219.1
Project("{F2A71F9B-5D33-465A-A702-920D77279786}") = "Test1", "Test1\Test1.fsproj", "{41E62C9A-B470-4ABB-96B1-45E44948F757}"
EndProject
Project("{F2A71F9B-5D33-465A-A702-920D77279786}") = "Test1.Tests", "Test1.Tests\Test1.Tests.fsproj", "{EFC46154-D253-45CC-A69D-2547D811CF54}"
EndProject
Global
	GlobalSection(SolutionConfigurationPlatforms) = preSolution
		Debug|Any CPU = Debug|Any CPU
		Release|Any CPU = Release|Any CPU
	EndGlobalSection
	GlobalSection(ProjectConfigurationPlatforms) = postSolution
		{41E62C9A-B470-4ABB-96B1-45E44948F757}.Debug|Any CPU.ActiveCfg = Debug|Any CPU
		{41E62C9A-B470-4ABB-96B1-45E44948F757}.Debug|Any CPU.Build.0 = Debug|Any CPU
		{41E62C9A-B470-4ABB-96B1-45E44948F757}.Release|Any CPU.ActiveCfg = Release|Any CPU
		{41E62C9A-B470-4ABB-96B1-45E44948F757}.Release|Any CPU.Build.0 = Release|Any CPU
		{EFC46154-D253-45CC-A69D-2547D811CF54}.Debug|Any CPU.ActiveCfg = Debug|Any CPU
		{EFC46154-D253-45CC-A69D-2547D811CF54}.Debug|Any CPU.Build.0 = Debug|Any CPU
		{EFC46154-D253-45CC-A69D-2547D811CF54}.Release|Any CPU.ActiveCfg = Release|Any CPU
		{EFC46154-D253-45CC-A69D-2547D811CF54}.Release|Any CPU.Build.0 = Release|Any CPU
	EndGlobalSection
	GlobalSection(SolutionProperties) = preSolution
		HideSolutionNode = FALSE
	EndGlobalSection
	GlobalSection(ExtensibilityGlobals) = postSolution
		SolutionGuid = {46358659-8457-4F24-8927-84F7875CB94E}
	EndGlobalSection
EndGlobal
