
Microsoft Visual Studio Solution File, Format Version 12.00
# Visual Studio 15
VisualStudioVersion = 15.0.28307.168
MinimumVisualStudioVersion = 10.0.40219.1
Project("{F2A71F9B-5D33-465A-A702-920D77279786}") = "Homework2", "Homework2\Homework2.fsproj", "{CD23DBFE-0DE8-45D5-BBD4-0E344E761D12}"
EndProject
Global
	GlobalSection(SolutionConfigurationPlatforms) = preSolution
		Debug|Any CPU = Debug|Any CPU
		Release|Any CPU = Release|Any CPU
	EndGlobalSection
	GlobalSection(ProjectConfigurationPlatforms) = postSolution
		{CD23DBFE-0DE8-45D5-BBD4-0E344E761D12}.Debug|Any CPU.ActiveCfg = Debug|Any CPU
		{CD23DBFE-0DE8-45D5-BBD4-0E344E761D12}.Debug|Any CPU.Build.0 = Debug|Any CPU
		{CD23DBFE-0DE8-45D5-BBD4-0E344E761D12}.Release|Any CPU.ActiveCfg = Release|Any CPU
		{CD23DBFE-0DE8-45D5-BBD4-0E344E761D12}.Release|Any CPU.Build.0 = Release|Any CPU
	EndGlobalSection
	GlobalSection(SolutionProperties) = preSolution
		HideSolutionNode = FALSE
	EndGlobalSection
	GlobalSection(ExtensibilityGlobals) = postSolution
		SolutionGuid = {957D983E-05DB-4F07-8372-1A4723FF7561}
	EndGlobalSection
EndGlobal
