
Microsoft Visual Studio Solution File, Format Version 12.00
# Visual Studio 15
VisualStudioVersion = 15.0.27130.2027
MinimumVisualStudioVersion = 10.0.40219.1
Project("{FAE04EC0-301F-11D3-BF4B-00C04F79EFBC}") = "MyNUnit", "MyNUnit\MyNUnit.csproj", "{5FA23BB3-C2AD-4802-94C6-A2F1E46AF0D3}"
EndProject
Global
	GlobalSection(SolutionConfigurationPlatforms) = preSolution
		Debug|Any CPU = Debug|Any CPU
		Release|Any CPU = Release|Any CPU
	EndGlobalSection
	GlobalSection(ProjectConfigurationPlatforms) = postSolution
		{5FA23BB3-C2AD-4802-94C6-A2F1E46AF0D3}.Debug|Any CPU.ActiveCfg = Debug|Any CPU
		{5FA23BB3-C2AD-4802-94C6-A2F1E46AF0D3}.Debug|Any CPU.Build.0 = Debug|Any CPU
		{5FA23BB3-C2AD-4802-94C6-A2F1E46AF0D3}.Release|Any CPU.ActiveCfg = Release|Any CPU
		{5FA23BB3-C2AD-4802-94C6-A2F1E46AF0D3}.Release|Any CPU.Build.0 = Release|Any CPU
	EndGlobalSection
	GlobalSection(SolutionProperties) = preSolution
		HideSolutionNode = FALSE
	EndGlobalSection
	GlobalSection(ExtensibilityGlobals) = postSolution
		SolutionGuid = {12F1564E-BBAF-4E1A-B655-44FC488A7A14}
	EndGlobalSection
EndGlobal
