
Microsoft Visual Studio Solution File, Format Version 12.00
# Visual Studio 15
VisualStudioVersion = 15.0.27130.2027
MinimumVisualStudioVersion = 10.0.40219.1
Project("{FAE04EC0-301F-11D3-BF4B-00C04F79EFBC}") = "ChatTest", "ChatTest\ChatTest.csproj", "{DA0FF5EA-E653-4692-8097-3223FE8E3802}"
EndProject
Global
	GlobalSection(SolutionConfigurationPlatforms) = preSolution
		Debug|Any CPU = Debug|Any CPU
		Release|Any CPU = Release|Any CPU
	EndGlobalSection
	GlobalSection(ProjectConfigurationPlatforms) = postSolution
		{DA0FF5EA-E653-4692-8097-3223FE8E3802}.Debug|Any CPU.ActiveCfg = Debug|Any CPU
		{DA0FF5EA-E653-4692-8097-3223FE8E3802}.Debug|Any CPU.Build.0 = Debug|Any CPU
		{DA0FF5EA-E653-4692-8097-3223FE8E3802}.Release|Any CPU.ActiveCfg = Release|Any CPU
		{DA0FF5EA-E653-4692-8097-3223FE8E3802}.Release|Any CPU.Build.0 = Release|Any CPU
	EndGlobalSection
	GlobalSection(SolutionProperties) = preSolution
		HideSolutionNode = FALSE
	EndGlobalSection
	GlobalSection(ExtensibilityGlobals) = postSolution
		SolutionGuid = {FA2CD677-74EE-410C-8AA2-C17174E0F3E3}
	EndGlobalSection
EndGlobal
