
Microsoft Visual Studio Solution File, Format Version 12.00
# Visual Studio 15
VisualStudioVersion = 15.0.28307.168
MinimumVisualStudioVersion = 10.0.40219.1
Project("{F2A71F9B-5D33-465A-A702-920D77279786}") = "Homework1", "Homework1\Homework1.fsproj", "{8576E845-A950-4E12-BCDC-53C07279F675}"
EndProject
Global
	GlobalSection(SolutionConfigurationPlatforms) = preSolution
		Debug|Any CPU = Debug|Any CPU
		Release|Any CPU = Release|Any CPU
	EndGlobalSection
	GlobalSection(ProjectConfigurationPlatforms) = postSolution
		{8576E845-A950-4E12-BCDC-53C07279F675}.Debug|Any CPU.ActiveCfg = Debug|Any CPU
		{8576E845-A950-4E12-BCDC-53C07279F675}.Debug|Any CPU.Build.0 = Debug|Any CPU
		{8576E845-A950-4E12-BCDC-53C07279F675}.Release|Any CPU.ActiveCfg = Release|Any CPU
		{8576E845-A950-4E12-BCDC-53C07279F675}.Release|Any CPU.Build.0 = Release|Any CPU
	EndGlobalSection
	GlobalSection(SolutionProperties) = preSolution
		HideSolutionNode = FALSE
	EndGlobalSection
	GlobalSection(ExtensibilityGlobals) = postSolution
		SolutionGuid = {3793431A-6218-41D0-A13A-8A5448460B52}
	EndGlobalSection
EndGlobal
